{
  "name": "my-first-project",
  "version": "1.0.0",
  "lockfileVersion": 3,
  "requires": true,
  "packages": {
    "": {
      "name": "my-first-project",
      "version": "1.0.0",
      "license": "ISC",
      "dependencies": {
        "babylonjs": "^7.19.1",
        "babylonjs-loaders": "^7.19.1"
      }
    },
    "node_modules/babylonjs": {
      "version": "7.19.1",
      "resolved": "https://registry.npmjs.org/babylonjs/-/babylonjs-7.19.1.tgz",
      "integrity": "sha512-OGbKh5m0mBvHTbVHiHzQ9be3xAnSFGWqT9fs1Bea95Ko4oqz7JW4xTc76z6n918CmC6RkgineHW+NNd5D3Vp+A==",
      "hasInstallScript": true,
      "license": "Apache-2.0"
    },
    "node_modules/babylonjs-gltf2interface": {
      "version": "7.19.1",
      "resolved": "https://registry.npmjs.org/babylonjs-gltf2interface/-/babylonjs-gltf2interface-7.19.1.tgz",
      "integrity": "sha512-eBR+C4dnsrk7TRUoMtgLeovcKZ3c/1e93TXxFHoN1k/+XZ9TLgiR6JhGilqFNchz4n1+H4fEODhY2YTv/z71sA==",
      "license": "Apache-2.0"
    },
    "node_modules/babylonjs-loaders": {
      "version": "7.19.1",
      "resolved": "https://registry.npmjs.org/babylonjs-loaders/-/babylonjs-loaders-7.19.1.tgz",
      "integrity": "sha512-UTwNh07A13IvIiEOfIdkyRnOJYcedvjdZVyb54hcBVtDZJE7dGwuPYsYILl1AUOPDlWqMMjV0aSebwNCOs8LDQ==",
      "license": "Apache-2.0",
      "dependencies": {
        "babylonjs": "^7.19.1",
        "babylonjs-gltf2interface": "^7.19.1"
      }
    }
  }
}
